<Solution>
  <Folder Name="/Task0/">
    <Project Path="Tyuiu.BedenkoAN.Sprint1.Task0.V30.Lib/Tyuiu.BedenkoAN.Sprint1.Task0.V30.Lib.csproj" Id="3f9ddb0c-950b-4799-b636-1224b1873146" />
    <Project Path="Tyuiu.BedenkoAN.Sprint1.Task0.V30.Test/Tyuiu.BedenkoAN.Sprint1.Task0.V30.Test.csproj" Id="6dbe9264-3a7f-4fd7-94c0-1a0292b19233" />
    <Project Path="Tyuiu.BedenkoAN.Sprint1.Task0.V30/Tyuiu.BedenkoAN.Sprint1.Task0.V30.csproj" Id="ff87f986-909a-4154-908f-e0da1dbc4f8a" />
  </Folder>
  <Folder Name="/Task1/">
    <Project Path="Tyuiu.BedenkoAN.Sprint1.Task1.V15.Lib/Tyuiu.BedenkoAN.Sprint1.Task1.V15.Lib.csproj" Id="bc93cb79-36f8-4b98-8907-59bc03d55221" />
    <Project Path="Tyuiu.BedenkoAN.Sprint1.Task1.V15.Test/Tyuiu.BedenkoAN.Sprint1.Task1.V15.Test.csproj" Id="0717234f-9542-4959-9080-02542e0eb8e0" />
    <Project Path="Tyuiu.BedenkoAN.Sprint1.Task1.V15/Tyuiu.BedenkoAN.Sprint1.Task1.V15.csproj" Id="d3243a7a-1846-4d91-b3ca-7b1d7c151d70" />
  </Folder>
  <Folder Name="/Task2/">
    <Project Path="Tyuiu.BedenkoAN.Sprint1.Task2.V13.Lib/Tyuiu.BedenkoAN.Sprint1.Task2.V13.Lib.csproj" Id="480b1da6-0e50-4a6c-b56d-9dc7e9bb63d6" />
    <Project Path="Tyuiu.BedenkoAN.Sprint1.Task2.V13.Test/Tyuiu.BedenkoAN.Sprint1.Task2.V13.Test.csproj" Id="d34e018f-2acb-4601-b446-1b433138064e" />
    <Project Path="Tyuiu.BedenkoAN.Sprint1.Task2.V13/Tyuiu.BedenkoAN.Sprint1.Task2.V13.csproj" Id="9bb3f3b3-9426-478a-ad21-032b1eca2b3c" />
  </Folder>
  <Folder Name="/Task3/">
    <Project Path="Tyuiu.BedenkoAN.Sprint1.Task3.V6.Lib/Tyuiu.BedenkoAN.Sprint1.Task3.V6.Lib.csproj" Id="f2c38ccc-ddf0-465b-acde-9211689379b6" />
    <Project Path="Tyuiu.BedenkoAN.Sprint1.Task3.V6.Test/Tyuiu.BedenkoAN.Sprint1.Task3.V6.Test.csproj" Id="5a2717c1-ecb0-4953-bc02-177cb0d67baa" />
    <Project Path="Tyuiu.BedenkoAN.Sprint1.Task3.V6/Tyuiu.BedenkoAN.Sprint1.Task3.V6.csproj" Id="1674c569-24f3-4c7b-a246-19ac9d4af2cb" />
  </Folder>
  <Folder Name="/Task4/">
    <Project Path="Tyuiu.BedenkoAN.Sprint1.Task4.V22.Lib/Tyuiu.BedenkoAN.Sprint1.Task4.V22.Lib.csproj" Id="e28c3589-4dae-42da-8676-c9a068a83ec7" />
    <Project Path="Tyuiu.BedenkoAN.Sprint1.Task4.V22.Test/Tyuiu.BedenkoAN.Sprint1.Task4.V22.Test.csproj" Id="8949e242-712e-448f-a708-8d7e6fdb6e2e" />
    <Project Path="Tyuiu.BedenkoAN.Sprint1.Task4.V22/Tyuiu.BedenkoAN.Sprint1.Task4.V22.csproj" Id="07a73942-cea0-4bed-b54d-7a8824e5df34" />
  </Folder>
</Solution>
