<Solution>
  <Folder Name="/Task0/">
    <Project Path="Tyuiu.BedenkoAN.Sprint1.Task0.V30.Lib/Tyuiu.BedenkoAN.Sprint1.Task0.V30.Lib.csproj" Id="3f9ddb0c-950b-4799-b636-1224b1873146" />
    <Project Path="Tyuiu.BedenkoAN.Sprint1.Task0.V30.Test/Tyuiu.BedenkoAN.Sprint1.Task0.V30.Test.csproj" Id="6dbe9264-3a7f-4fd7-94c0-1a0292b19233" />
    <Project Path="Tyuiu.BedenkoAN.Sprint1.Task0.V30/Tyuiu.BedenkoAN.Sprint1.Task0.V30.csproj" Id="ff87f986-909a-4154-908f-e0da1dbc4f8a" />
  </Folder>
  <Folder Name="/Task1/">
    <Project Path="Tyuiu.BedenkoAN.Sprint1.Task1.V15.Lib/Tyuiu.BedenkoAN.Sprint1.Task1.V15.Lib.csproj" Id="bc93cb79-36f8-4b98-8907-59bc03d55221" />
    <Project Path="Tyuiu.BedenkoAN.Sprint1.Task1.V15.Test/Tyuiu.BedenkoAN.Sprint1.Task1.V15.Test.csproj" Id="0717234f-9542-4959-9080-02542e0eb8e0" />
    <Project Path="Tyuiu.BedenkoAN.Sprint1.Task1.V15/Tyuiu.BedenkoAN.Sprint1.Task1.V15.csproj" Id="d3243a7a-1846-4d91-b3ca-7b1d7c151d70" />
  </Folder>
</Solution>
